// !$*UTF8*$!
{
	archiveVersion = 1;
	classes = {
	};
	objectVersion = 46;
	objects = {

/* Begin PBXBuildFile section */
		40E414121BFDF2D800FC7D1D /* SoundPlayer.m in Sources */ = {isa = PBXBuildFile; fileRef = 40E414111BFDF2D800FC7D1D /* SoundPlayer.m */; };
		631B39D31DE4DE0800F857DE /* animal-2.png in Resources */ = {isa = PBXBuildFile; fileRef = 631B39D21DE4DE0800F857DE /* animal-2.png */; };
		631B69551C315226005C56B4 /* Illuminati.png in Resources */ = {isa = PBXBuildFile; fileRef = 631B69541C315226005C56B4 /* Illuminati.png */; };
		631B69571C31522D005C56B4 /* Sanic2.png in Resources */ = {isa = PBXBuildFile; fileRef = 631B69561C31522D005C56B4 /* Sanic2.png */; };
		632B3A381D8ACD2100E4C0D7 /* SettingsView.m in Sources */ = {isa = PBXBuildFile; fileRef = 632B3A371D8ACD2100E4C0D7 /* SettingsView.m */; };
		632B3A3B1D8ACD5400E4C0D7 /* ShopView.m in Sources */ = {isa = PBXBuildFile; fileRef = 632B3A3A1D8ACD5400E4C0D7 /* ShopView.m */; };
		636F1A6C1C353E6E00F07CFD /* Colors in Resources */ = {isa = PBXBuildFile; fileRef = 636F1A6B1C353E6E00F07CFD /* Colors */; };
		636F1A6E1C35408E00F07CFD /* 101.png in Resources */ = {isa = PBXBuildFile; fileRef = 636F1A6D1C35408E00F07CFD /* 101.png */; };
		636F1A741C35409B00F07CFD /* 110.png in Resources */ = {isa = PBXBuildFile; fileRef = 636F1A6F1C35409B00F07CFD /* 110.png */; };
		636F1A751C35409B00F07CFD /* BLUE.png in Resources */ = {isa = PBXBuildFile; fileRef = 636F1A701C35409B00F07CFD /* BLUE.png */; };
		636F1A761C35409B00F07CFD /* GREEN.png in Resources */ = {isa = PBXBuildFile; fileRef = 636F1A711C35409B00F07CFD /* GREEN.png */; };
		636F1A771C35409B00F07CFD /* RED.png in Resources */ = {isa = PBXBuildFile; fileRef = 636F1A721C35409B00F07CFD /* RED.png */; };
		636F1A781C35409B00F07CFD /* YELLOW.png in Resources */ = {isa = PBXBuildFile; fileRef = 636F1A731C35409B00F07CFD /* YELLOW.png */; };
		63AF31131DE3555E0023CF33 /* animal-1.png in Resources */ = {isa = PBXBuildFile; fileRef = 63AF310D1DE3555E0023CF33 /* animal-1.png */; };
		63AF31151DE3555E0023CF33 /* animal-3.png in Resources */ = {isa = PBXBuildFile; fileRef = 63AF310F1DE3555E0023CF33 /* animal-3.png */; };
		63AF31161DE3555E0023CF33 /* animal-4.png in Resources */ = {isa = PBXBuildFile; fileRef = 63AF31101DE3555E0023CF33 /* animal-4.png */; };
		63AF31171DE3555E0023CF33 /* animal-5.png in Resources */ = {isa = PBXBuildFile; fileRef = 63AF31111DE3555E0023CF33 /* animal-5.png */; };
		63AF31181DE3555E0023CF33 /* animal-6.png in Resources */ = {isa = PBXBuildFile; fileRef = 63AF31121DE3555E0023CF33 /* animal-6.png */; };
		63C7F3021C68BB8800F6695E /* Main.storyboard in Resources */ = {isa = PBXBuildFile; fileRef = 63C7F3011C68BB8800F6695E /* Main.storyboard */; };
		C01750FD1D0B02CF009E4652 /* ChangeModeViewController.m in Sources */ = {isa = PBXBuildFile; fileRef = C01750FC1D0B02CF009E4652 /* ChangeModeViewController.m */; };
		C01751041D0B1653009E4652 /* images-2.png in Resources */ = {isa = PBXBuildFile; fileRef = C01750FE1D0B1653009E4652 /* images-2.png */; };
		C01751051D0B1653009E4652 /* images-3.png in Resources */ = {isa = PBXBuildFile; fileRef = C01750FF1D0B1653009E4652 /* images-3.png */; };
		C01751061D0B1653009E4652 /* images-4.png in Resources */ = {isa = PBXBuildFile; fileRef = C01751001D0B1653009E4652 /* images-4.png */; };
		C01751071D0B1653009E4652 /* images-5.png in Resources */ = {isa = PBXBuildFile; fileRef = C01751011D0B1653009E4652 /* images-5.png */; };
		C01751081D0B1653009E4652 /* images-6.png in Resources */ = {isa = PBXBuildFile; fileRef = C01751021D0B1653009E4652 /* images-6.png */; };
		C01751091D0B1653009E4652 /* images.png in Resources */ = {isa = PBXBuildFile; fileRef = C01751031D0B1653009E4652 /* images.png */; };
		C04FD5781C03363400B2591F /* MenuViewController.m in Sources */ = {isa = PBXBuildFile; fileRef = C04FD5771C03363400B2591F /* MenuViewController.m */; };
		C04FD57D1C03616900B2591F /* icon in Resources */ = {isa = PBXBuildFile; fileRef = C04FD57C1C03616900B2591F /* icon */; };
		C04FD5811C0362B800B2591F /* play.png in Resources */ = {isa = PBXBuildFile; fileRef = C04FD5801C0362B800B2591F /* play.png */; };
		C04FD5841C03697100B2591F /* CreatorCodeViewController.m in Sources */ = {isa = PBXBuildFile; fileRef = C04FD5831C03697100B2591F /* CreatorCodeViewController.m */; };
		C04FD5881C0729F200B2591F /* hand.png in Resources */ = {isa = PBXBuildFile; fileRef = C04FD5871C0729F200B2591F /* hand.png */; };
		C0E8DEC21BEB82E800E7F565 /* main.m in Sources */ = {isa = PBXBuildFile; fileRef = C0E8DEC11BEB82E800E7F565 /* main.m */; };
		C0E8DEC51BEB82E800E7F565 /* AppDelegate.m in Sources */ = {isa = PBXBuildFile; fileRef = C0E8DEC41BEB82E800E7F565 /* AppDelegate.m */; };
		C0E8DEC81BEB82E800E7F565 /* ViewController.m in Sources */ = {isa = PBXBuildFile; fileRef = C0E8DEC71BEB82E800E7F565 /* ViewController.m */; };
		C0E8DECD1BEB82E800E7F565 /* Assets.xcassets in Resources */ = {isa = PBXBuildFile; fileRef = C0E8DECC1BEB82E800E7F565 /* Assets.xcassets */; };
		C0E8DED01BEB82E800E7F565 /* LaunchScreen.storyboard in Resources */ = {isa = PBXBuildFile; fileRef = C0E8DECE1BEB82E800E7F565 /* LaunchScreen.storyboard */; };
		C0E8DEDB1BEB82E800E7F565 /* TouchColorTests.m in Sources */ = {isa = PBXBuildFile; fileRef = C0E8DEDA1BEB82E800E7F565 /* TouchColorTests.m */; };
		C0E8DEE61BEB82E800E7F565 /* TouchColorUITests.m in Sources */ = {isa = PBXBuildFile; fileRef = C0E8DEE51BEB82E800E7F565 /* TouchColorUITests.m */; };
/* End PBXBuildFile section */

/* Begin PBXContainerItemProxy section */
		C0E8DED71BEB82E800E7F565 /* PBXContainerItemProxy */ = {
			isa = PBXContainerItemProxy;
			containerPortal = C0E8DEB51BEB82E800E7F565 /* Project object */;
			proxyType = 1;
			remoteGlobalIDString = C0E8DEBC1BEB82E800E7F565;
			remoteInfo = TouchColor;
		};
		C0E8DEE21BEB82E800E7F565 /* PBXContainerItemProxy */ = {
			isa = PBXContainerItemProxy;
			containerPortal = C0E8DEB51BEB82E800E7F565 /* Project object */;
			proxyType = 1;
			remoteGlobalIDString = C0E8DEBC1BEB82E800E7F565;
			remoteInfo = TouchColor;
		};
/* End PBXContainerItemProxy section */

/* Begin PBXFileReference section */
		40E414101BFDF2D800FC7D1D /* SoundPlayer.h */ = {isa = PBXFileReference; fileEncoding = 4; lastKnownFileType = sourcecode.c.h; path = SoundPlayer.h; sourceTree = "<group>"; };
		40E414111BFDF2D800FC7D1D /* SoundPlayer.m */ = {isa = PBXFileReference; fileEncoding = 4; lastKnownFileType = sourcecode.c.objc; path = SoundPlayer.m; sourceTree = "<group>"; };
		631B39D21DE4DE0800F857DE /* animal-2.png */ = {isa = PBXFileReference; lastKnownFileType = image.png; path = "animal-2.png"; sourceTree = "<group>"; };
		631B69541C315226005C56B4 /* Illuminati.png */ = {isa = PBXFileReference; lastKnownFileType = image.png; path = Illuminati.png; sourceTree = "<group>"; };
		631B69561C31522D005C56B4 /* Sanic2.png */ = {isa = PBXFileReference; lastKnownFileType = image.png; path = Sanic2.png; sourceTree = "<group>"; };
		632B3A361D8ACD2100E4C0D7 /* SettingsView.h */ = {isa = PBXFileReference; fileEncoding = 4; lastKnownFileType = sourcecode.c.h; path = SettingsView.h; sourceTree = "<group>"; };
		632B3A371D8ACD2100E4C0D7 /* SettingsView.m */ = {isa = PBXFileReference; fileEncoding = 4; lastKnownFileType = sourcecode.c.objc; path = SettingsView.m; sourceTree = "<group>"; };
		632B3A391D8ACD5400E4C0D7 /* ShopView.h */ = {isa = PBXFileReference; fileEncoding = 4; lastKnownFileType = sourcecode.c.h; path = ShopView.h; sourceTree = "<group>"; };
		632B3A3A1D8ACD5400E4C0D7 /* ShopView.m */ = {isa = PBXFileReference; fileEncoding = 4; lastKnownFileType = sourcecode.c.objc; path = ShopView.m; sourceTree = "<group>"; };
		636F1A6B1C353E6E00F07CFD /* Colors */ = {isa = PBXFileReference; lastKnownFileType = folder; path = Colors; sourceTree = "<group>"; };
		636F1A6D1C35408E00F07CFD /* 101.png */ = {isa = PBXFileReference; lastKnownFileType = image.png; name = 101.png; path = Colors/101.png; sourceTree = "<group>"; };
		636F1A6F1C35409B00F07CFD /* 110.png */ = {isa = PBXFileReference; lastKnownFileType = image.png; name = 110.png; path = Colors/110.png; sourceTree = "<group>"; };
		636F1A701C35409B00F07CFD /* BLUE.png */ = {isa = PBXFileReference; lastKnownFileType = image.png; name = BLUE.png; path = Colors/BLUE.png; sourceTree = "<group>"; };
		636F1A711C35409B00F07CFD /* GREEN.png */ = {isa = PBXFileReference; lastKnownFileType = image.png; name = GREEN.png; path = Colors/GREEN.png; sourceTree = "<group>"; };
		636F1A721C35409B00F07CFD /* RED.png */ = {isa = PBXFileReference; lastKnownFileType = image.png; name = RED.png; path = Colors/RED.png; sourceTree = "<group>"; };
		636F1A731C35409B00F07CFD /* YELLOW.png */ = {isa = PBXFileReference; lastKnownFileType = image.png; name = YELLOW.png; path = Colors/YELLOW.png; sourceTree = "<group>"; };
		63AF310D1DE3555E0023CF33 /* animal-1.png */ = {isa = PBXFileReference; lastKnownFileType = image.png; path = "animal-1.png"; sourceTree = "<group>"; };
		63AF310F1DE3555E0023CF33 /* animal-3.png */ = {isa = PBXFileReference; lastKnownFileType = image.png; path = "animal-3.png"; sourceTree = "<group>"; };
		63AF31101DE3555E0023CF33 /* animal-4.png */ = {isa = PBXFileReference; lastKnownFileType = image.png; path = "animal-4.png"; sourceTree = "<group>"; };
		63AF31111DE3555E0023CF33 /* animal-5.png */ = {isa = PBXFileReference; lastKnownFileType = image.png; path = "animal-5.png"; sourceTree = "<group>"; };
		63AF31121DE3555E0023CF33 /* animal-6.png */ = {isa = PBXFileReference; lastKnownFileType = image.png; path = "animal-6.png"; sourceTree = "<group>"; };
		63C7F3011C68BB8800F6695E /* Main.storyboard */ = {isa = PBXFileReference; fileEncoding = 4; lastKnownFileType = file.storyboard; path = Main.storyboard; sourceTree = "<group>"; };
		C01750FB1D0B02CF009E4652 /* ChangeModeViewController.h */ = {isa = PBXFileReference; fileEncoding = 4; lastKnownFileType = sourcecode.c.h; path = ChangeModeViewController.h; sourceTree = "<group>"; };
		C01750FC1D0B02CF009E4652 /* ChangeModeViewController.m */ = {isa = PBXFileReference; fileEncoding = 4; lastKnownFileType = sourcecode.c.objc; path = ChangeModeViewController.m; sourceTree = "<group>"; };
		C01750FE1D0B1653009E4652 /* images-2.png */ = {isa = PBXFileReference; lastKnownFileType = image.png; path = "images-2.png"; sourceTree = "<group>"; };
		C01750FF1D0B1653009E4652 /* images-3.png */ = {isa = PBXFileReference; lastKnownFileType = image.png; path = "images-3.png"; sourceTree = "<group>"; };
		C01751001D0B1653009E4652 /* images-4.png */ = {isa = PBXFileReference; lastKnownFileType = image.png; path = "images-4.png"; sourceTree = "<group>"; };
		C01751011D0B1653009E4652 /* images-5.png */ = {isa = PBXFileReference; lastKnownFileType = image.png; path = "images-5.png"; sourceTree = "<group>"; };
		C01751021D0B1653009E4652 /* images-6.png */ = {isa = PBXFileReference; lastKnownFileType = image.png; path = "images-6.png"; sourceTree = "<group>"; };
		C01751031D0B1653009E4652 /* images.png */ = {isa = PBXFileReference; lastKnownFileType = image.png; path = images.png; sourceTree = "<group>"; };
		C04FD5761C03363400B2591F /* MenuViewController.h */ = {isa = PBXFileReference; fileEncoding = 4; lastKnownFileType = sourcecode.c.h; path = MenuViewController.h; sourceTree = "<group>"; };
		C04FD5771C03363400B2591F /* MenuViewController.m */ = {isa = PBXFileReference; fileEncoding = 4; lastKnownFileType = sourcecode.c.objc; path = MenuViewController.m; sourceTree = "<group>"; };
		C04FD57C1C03616900B2591F /* icon */ = {isa = PBXFileReference; lastKnownFileType = folder; path = icon; sourceTree = "<group>"; };
		C04FD5801C0362B800B2591F /* play.png */ = {isa = PBXFileReference; lastKnownFileType = image.png; path = play.png; sourceTree = "<group>"; };
		C04FD5821C03697100B2591F /* CreatorCodeViewController.h */ = {isa = PBXFileReference; fileEncoding = 4; lastKnownFileType = sourcecode.c.h; path = CreatorCodeViewController.h; sourceTree = "<group>"; };
		C04FD5831C03697100B2591F /* CreatorCodeViewController.m */ = {isa = PBXFileReference; fileEncoding = 4; lastKnownFileType = sourcecode.c.objc; path = CreatorCodeViewController.m; sourceTree = "<group>"; };
		C04FD5871C0729F200B2591F /* hand.png */ = {isa = PBXFileReference; lastKnownFileType = image.png; path = hand.png; sourceTree = "<group>"; };
		C0E8DEBD1BEB82E800E7F565 /* TouchColor.app */ = {isa = PBXFileReference; explicitFileType = wrapper.application; includeInIndex = 0; path = TouchColor.app; sourceTree = BUILT_PRODUCTS_DIR; };
		C0E8DEC11BEB82E800E7F565 /* main.m */ = {isa = PBXFileReference; lastKnownFileType = sourcecode.c.objc; path = main.m; sourceTree = "<group>"; };
		C0E8DEC31BEB82E800E7F565 /* AppDelegate.h */ = {isa = PBXFileReference; lastKnownFileType = sourcecode.c.h; path = AppDelegate.h; sourceTree = "<group>"; };
		C0E8DEC41BEB82E800E7F565 /* AppDelegate.m */ = {isa = PBXFileReference; lastKnownFileType = sourcecode.c.objc; path = AppDelegate.m; sourceTree = "<group>"; };
		C0E8DEC61BEB82E800E7F565 /* ViewController.h */ = {isa = PBXFileReference; lastKnownFileType = sourcecode.c.h; path = ViewController.h; sourceTree = "<group>"; };
		C0E8DEC71BEB82E800E7F565 /* ViewController.m */ = {isa = PBXFileReference; lastKnownFileType = sourcecode.c.objc; path = ViewController.m; sourceTree = "<group>"; };
		C0E8DECC1BEB82E800E7F565 /* Assets.xcassets */ = {isa = PBXFileReference; lastKnownFileType = folder.assetcatalog; path = Assets.xcassets; sourceTree = "<group>"; };
		C0E8DECF1BEB82E800E7F565 /* Base */ = {isa = PBXFileReference; lastKnownFileType = file.storyboard; name = Base; path = Base.lproj/LaunchScreen.storyboard; sourceTree = "<group>"; };
		C0E8DED11BEB82E800E7F565 /* Info.plist */ = {isa = PBXFileReference; lastKnownFileType = text.plist.xml; path = Info.plist; sourceTree = "<group>"; };
		C0E8DED61BEB82E800E7F565 /* TouchColorTests.xctest */ = {isa = PBXFileReference; explicitFileType = wrapper.cfbundle; includeInIndex = 0; path = TouchColorTests.xctest; sourceTree = BUILT_PRODUCTS_DIR; };
		C0E8DEDA1BEB82E800E7F565 /* TouchColorTests.m */ = {isa = PBXFileReference; lastKnownFileType = sourcecode.c.objc; path = TouchColorTests.m; sourceTree = "<group>"; };
		C0E8DEDC1BEB82E800E7F565 /* Info.plist */ = {isa = PBXFileReference; lastKnownFileType = text.plist.xml; path = Info.plist; sourceTree = "<group>"; };
		C0E8DEE11BEB82E800E7F565 /* TouchColorUITests.xctest */ = {isa = PBXFileReference; explicitFileType = wrapper.cfbundle; includeInIndex = 0; path = TouchColorUITests.xctest; sourceTree = BUILT_PRODUCTS_DIR; };
		C0E8DEE51BEB82E800E7F565 /* TouchColorUITests.m */ = {isa = PBXFileReference; lastKnownFileType = sourcecode.c.objc; path = TouchColorUITests.m; sourceTree = "<group>"; };
		C0E8DEE71BEB82E800E7F565 /* Info.plist */ = {isa = PBXFileReference; lastKnownFileType = text.plist.xml; path = Info.plist; sourceTree = "<group>"; };
/* End PBXFileReference section */

/* Begin PBXFrameworksBuildPhase section */
		C0E8DEBA1BEB82E800E7F565 /* Frameworks */ = {
			isa = PBXFrameworksBuildPhase;
			buildActionMask = 2147483647;
			files = (
			);
			runOnlyForDeploymentPostprocessing = 0;
		};
		C0E8DED31BEB82E800E7F565 /* Frameworks */ = {
			isa = PBXFrameworksBuildPhase;
			buildActionMask = 2147483647;
			files = (
			);
			runOnlyForDeploymentPostprocessing = 0;
		};
		C0E8DEDE1BEB82E800E7F565 /* Frameworks */ = {
			isa = PBXFrameworksBuildPhase;
			buildActionMask = 2147483647;
			files = (
			);
			runOnlyForDeploymentPostprocessing = 0;
		};
/* End PBXFrameworksBuildPhase section */

/* Begin PBXGroup section */
		C01750EE1D0B0237009E4652 /* PRESIDENTS */ = {
			isa = PBXGroup;
			children = (
			);
			name = PRESIDENTS;
			sourceTree = "<group>";
		};
		C0E8DEB41BEB82E800E7F565 = {
			isa = PBXGroup;
			children = (
				C0E8DEBF1BEB82E800E7F565 /* TouchColor */,
				C0E8DED91BEB82E800E7F565 /* TouchColorTests */,
				C0E8DEE41BEB82E800E7F565 /* TouchColorUITests */,
				C0E8DEBE1BEB82E800E7F565 /* Products */,
			);
			sourceTree = "<group>";
		};
		C0E8DEBE1BEB82E800E7F565 /* Products */ = {
			isa = PBXGroup;
			children = (
				C0E8DEBD1BEB82E800E7F565 /* TouchColor.app */,
				C0E8DED61BEB82E800E7F565 /* TouchColorTests.xctest */,
				C0E8DEE11BEB82E800E7F565 /* TouchColorUITests.xctest */,
			);
			name = Products;
			sourceTree = "<group>";
		};
		C0E8DEBF1BEB82E800E7F565 /* TouchColor */ = {
			isa = PBXGroup;
			children = (
				63C7F3011C68BB8800F6695E /* Main.storyboard */,
				C0E8DEC31BEB82E800E7F565 /* AppDelegate.h */,
				C0E8DEC41BEB82E800E7F565 /* AppDelegate.m */,
				C0E8DEC61BEB82E800E7F565 /* ViewController.h */,
				C0E8DEC71BEB82E800E7F565 /* ViewController.m */,
				40E414101BFDF2D800FC7D1D /* SoundPlayer.h */,
				40E414111BFDF2D800FC7D1D /* SoundPlayer.m */,
				C04FD5821C03697100B2591F /* CreatorCodeViewController.h */,
				C04FD5831C03697100B2591F /* CreatorCodeViewController.m */,
				C04FD5761C03363400B2591F /* MenuViewController.h */,
				C04FD5771C03363400B2591F /* MenuViewController.m */,
				632B3A361D8ACD2100E4C0D7 /* SettingsView.h */,
				632B3A371D8ACD2100E4C0D7 /* SettingsView.m */,
				632B3A391D8ACD5400E4C0D7 /* ShopView.h */,
				632B3A3A1D8ACD5400E4C0D7 /* ShopView.m */,
				C01750FB1D0B02CF009E4652 /* ChangeModeViewController.h */,
				C01750FC1D0B02CF009E4652 /* ChangeModeViewController.m */,
				63AF310D1DE3555E0023CF33 /* animal-1.png */,
				631B39D21DE4DE0800F857DE /* animal-2.png */,
				63AF310F1DE3555E0023CF33 /* animal-3.png */,
				63AF31101DE3555E0023CF33 /* animal-4.png */,
				63AF31111DE3555E0023CF33 /* animal-5.png */,
				63AF31121DE3555E0023CF33 /* animal-6.png */,
				631B69561C31522D005C56B4 /* Sanic2.png */,
				C01750FE1D0B1653009E4652 /* images-2.png */,
				C01750FF1D0B1653009E4652 /* images-3.png */,
				C01751011D0B1653009E4652 /* images-5.png */,
				C01751001D0B1653009E4652 /* images-4.png */,
				C01751021D0B1653009E4652 /* images-6.png */,
				C01751031D0B1653009E4652 /* images.png */,
				C01750EE1D0B0237009E4652 /* PRESIDENTS */,
				631B69541C315226005C56B4 /* Illuminati.png */,
				C04FD5871C0729F200B2591F /* hand.png */,
				C04FD5801C0362B800B2591F /* play.png */,
				636F1A6D1C35408E00F07CFD /* 101.png */,
				636F1A6F1C35409B00F07CFD /* 110.png */,
				636F1A701C35409B00F07CFD /* BLUE.png */,
				636F1A711C35409B00F07CFD /* GREEN.png */,
				636F1A721C35409B00F07CFD /* RED.png */,
				636F1A731C35409B00F07CFD /* YELLOW.png */,
				636F1A6B1C353E6E00F07CFD /* Colors */,
				C04FD57C1C03616900B2591F /* icon */,
				C0E8DECC1BEB82E800E7F565 /* Assets.xcassets */,
				C0E8DECE1BEB82E800E7F565 /* LaunchScreen.storyboard */,
				C0E8DED11BEB82E800E7F565 /* Info.plist */,
				C0E8DEC01BEB82E800E7F565 /* Supporting Files */,
			);
			path = TouchColor;
			sourceTree = "<group>";
		};
		C0E8DEC01BEB82E800E7F565 /* Supporting Files */ = {
			isa = PBXGroup;
			children = (
				C0E8DEC11BEB82E800E7F565 /* main.m */,
			);
			name = "Supporting Files";
			sourceTree = "<group>";
		};
		C0E8DED91BEB82E800E7F565 /* TouchColorTests */ = {
			isa = PBXGroup;
			children = (
				C0E8DEDA1BEB82E800E7F565 /* TouchColorTests.m */,
				C0E8DEDC1BEB82E800E7F565 /* Info.plist */,
			);
			path = TouchColorTests;
			sourceTree = "<group>";
		};
		C0E8DEE41BEB82E800E7F565 /* TouchColorUITests */ = {
			isa = PBXGroup;
			children = (
				C0E8DEE51BEB82E800E7F565 /* TouchColorUITests.m */,
				C0E8DEE71BEB82E800E7F565 /* Info.plist */,
			);
			path = TouchColorUITests;
			sourceTree = "<group>";
		};
/* End PBXGroup section */

/* Begin PBXNativeTarget section */
		C0E8DEBC1BEB82E800E7F565 /* TouchColor */ = {
			isa = PBXNativeTarget;
			buildConfigurationList = C0E8DEEA1BEB82E800E7F565 /* Build configuration list for PBXNativeTarget "TouchColor" */;
			buildPhases = (
				C0E8DEB91BEB82E800E7F565 /* Sources */,
				C0E8DEBA1BEB82E800E7F565 /* Frameworks */,
				C0E8DEBB1BEB82E800E7F565 /* Resources */,
			);
			buildRules = (
			);
			dependencies = (
			);
			name = TouchColor;
			productName = TouchColor;
			productReference = C0E8DEBD1BEB82E800E7F565 /* TouchColor.app */;
			productType = "com.apple.product-type.application";
		};
		C0E8DED51BEB82E800E7F565 /* TouchColorTests */ = {
			isa = PBXNativeTarget;
			buildConfigurationList = C0E8DEED1BEB82E800E7F565 /* Build configuration list for PBXNativeTarget "TouchColorTests" */;
			buildPhases = (
				C0E8DED21BEB82E800E7F565 /* Sources */,
				C0E8DED31BEB82E800E7F565 /* Frameworks */,
				C0E8DED41BEB82E800E7F565 /* Resources */,
			);
			buildRules = (
			);
			dependencies = (
				C0E8DED81BEB82E800E7F565 /* PBXTargetDependency */,
			);
			name = TouchColorTests;
			productName = TouchColorTests;
			productReference = C0E8DED61BEB82E800E7F565 /* TouchColorTests.xctest */;
			productType = "com.apple.product-type.bundle.unit-test";
		};
		C0E8DEE01BEB82E800E7F565 /* TouchColorUITests */ = {
			isa = PBXNativeTarget;
			buildConfigurationList = C0E8DEF01BEB82E800E7F565 /* Build configuration list for PBXNativeTarget "TouchColorUITests" */;
			buildPhases = (
				C0E8DEDD1BEB82E800E7F565 /* Sources */,
				C0E8DEDE1BEB82E800E7F565 /* Frameworks */,
				C0E8DEDF1BEB82E800E7F565 /* Resources */,
			);
			buildRules = (
			);
			dependencies = (
				C0E8DEE31BEB82E800E7F565 /* PBXTargetDependency */,
			);
			name = TouchColorUITests;
			productName = TouchColorUITests;
			productReference = C0E8DEE11BEB82E800E7F565 /* TouchColorUITests.xctest */;
			productType = "com.apple.product-type.bundle.ui-testing";
		};
/* End PBXNativeTarget section */

/* Begin PBXProject section */
		C0E8DEB51BEB82E800E7F565 /* Project object */ = {
			isa = PBXProject;
			attributes = {
				LastUpgradeCheck = 1010;
				ORGANIZATIONNAME = alilxxey;
				TargetAttributes = {
					C0E8DEBC1BEB82E800E7F565 = {
						CreatedOnToolsVersion = 7.1;
						DevelopmentTeam = 485GCS25P9;
					};
					C0E8DED51BEB82E800E7F565 = {
						CreatedOnToolsVersion = 7.1;
						DevelopmentTeam = 6E2Y56FFS7;
						TestTargetID = C0E8DEBC1BEB82E800E7F565;
					};
					C0E8DEE01BEB82E800E7F565 = {
						CreatedOnToolsVersion = 7.1;
						DevelopmentTeam = 6E2Y56FFS7;
						TestTargetID = C0E8DEBC1BEB82E800E7F565;
					};
				};
			};
			buildConfigurationList = C0E8DEB81BEB82E800E7F565 /* Build configuration list for PBXProject "TouchColor" */;
			compatibilityVersion = "Xcode 3.2";
			developmentRegion = English;
			hasScannedForEncodings = 0;
			knownRegions = (
				English,
				en,
				Base,
			);
			mainGroup = C0E8DEB41BEB82E800E7F565;
			productRefGroup = C0E8DEBE1BEB82E800E7F565 /* Products */;
			projectDirPath = "";
			projectRoot = "";
			targets = (
				C0E8DEBC1BEB82E800E7F565 /* TouchColor */,
				C0E8DED51BEB82E800E7F565 /* TouchColorTests */,
				C0E8DEE01BEB82E800E7F565 /* TouchColorUITests */,
			);
		};
/* End PBXProject section */

/* Begin PBXResourcesBuildPhase section */
		C0E8DEBB1BEB82E800E7F565 /* Resources */ = {
			isa = PBXResourcesBuildPhase;
			buildActionMask = 2147483647;
			files = (
				C01751061D0B1653009E4652 /* images-4.png in Resources */,
				63C7F3021C68BB8800F6695E /* Main.storyboard in Resources */,
				C01751051D0B1653009E4652 /* images-3.png in Resources */,
				636F1A761C35409B00F07CFD /* GREEN.png in Resources */,
				636F1A6E1C35408E00F07CFD /* 101.png in Resources */,
				C04FD57D1C03616900B2591F /* icon in Resources */,
				C01751041D0B1653009E4652 /* images-2.png in Resources */,
				631B69551C315226005C56B4 /* Illuminati.png in Resources */,
				63AF31161DE3555E0023CF33 /* animal-4.png in Resources */,
				63AF31171DE3555E0023CF33 /* animal-5.png in Resources */,
				636F1A751C35409B00F07CFD /* BLUE.png in Resources */,
				63AF31151DE3555E0023CF33 /* animal-3.png in Resources */,
				C0E8DED01BEB82E800E7F565 /* LaunchScreen.storyboard in Resources */,
				636F1A741C35409B00F07CFD /* 110.png in Resources */,
				636F1A6C1C353E6E00F07CFD /* Colors in Resources */,
				631B39D31DE4DE0800F857DE /* animal-2.png in Resources */,
				63AF31181DE3555E0023CF33 /* animal-6.png in Resources */,
				C01751081D0B1653009E4652 /* images-6.png in Resources */,
				63AF31131DE3555E0023CF33 /* animal-1.png in Resources */,
				C01751071D0B1653009E4652 /* images-5.png in Resources */,
				C0E8DECD1BEB82E800E7F565 /* Assets.xcassets in Resources */,
				636F1A771C35409B00F07CFD /* RED.png in Resources */,
				636F1A781C35409B00F07CFD /* YELLOW.png in Resources */,
				C04FD5881C0729F200B2591F /* hand.png in Resources */,
				C01751091D0B1653009E4652 /* images.png in Resources */,
				631B69571C31522D005C56B4 /* Sanic2.png in Resources */,
				C04FD5811C0362B800B2591F /* play.png in Resources */,
			);
			runOnlyForDeploymentPostprocessing = 0;
		};
		C0E8DED41BEB82E800E7F565 /* Resources */ = {
			isa = PBXResourcesBuildPhase;
			buildActionMask = 2147483647;
			files = (
			);
			runOnlyForDeploymentPostprocessing = 0;
		};
		C0E8DEDF1BEB82E800E7F565 /* Resources */ = {
			isa = PBXResourcesBuildPhase;
			buildActionMask = 2147483647;
			files = (
			);
			runOnlyForDeploymentPostprocessing = 0;
		};
/* End PBXResourcesBuildPhase section */

/* Begin PBXSourcesBuildPhase section */
		C0E8DEB91BEB82E800E7F565 /* Sources */ = {
			isa = PBXSourcesBuildPhase;
			buildActionMask = 2147483647;
			files = (
				C0E8DEC81BEB82E800E7F565 /* ViewController.m in Sources */,
				C0E8DEC51BEB82E800E7F565 /* AppDelegate.m in Sources */,
				632B3A3B1D8ACD5400E4C0D7 /* ShopView.m in Sources */,
				40E414121BFDF2D800FC7D1D /* SoundPlayer.m in Sources */,
				C0E8DEC21BEB82E800E7F565 /* main.m in Sources */,
				C04FD5841C03697100B2591F /* CreatorCodeViewController.m in Sources */,
				632B3A381D8ACD2100E4C0D7 /* SettingsView.m in Sources */,
				C04FD5781C03363400B2591F /* MenuViewController.m in Sources */,
				C01750FD1D0B02CF009E4652 /* ChangeModeViewController.m in Sources */,
			);
			runOnlyForDeploymentPostprocessing = 0;
		};
		C0E8DED21BEB82E800E7F565 /* Sources */ = {
			isa = PBXSourcesBuildPhase;
			buildActionMask = 2147483647;
			files = (
				C0E8DEDB1BEB82E800E7F565 /* TouchColorTests.m in Sources */,
			);
			runOnlyForDeploymentPostprocessing = 0;
		};
		C0E8DEDD1BEB82E800E7F565 /* Sources */ = {
			isa = PBXSourcesBuildPhase;
			buildActionMask = 2147483647;
			files = (
				C0E8DEE61BEB82E800E7F565 /* TouchColorUITests.m in Sources */,
			);
			runOnlyForDeploymentPostprocessing = 0;
		};
/* End PBXSourcesBuildPhase section */

/* Begin PBXTargetDependency section */
		C0E8DED81BEB82E800E7F565 /* PBXTargetDependency */ = {
			isa = PBXTargetDependency;
			target = C0E8DEBC1BEB82E800E7F565 /* TouchColor */;
			targetProxy = C0E8DED71BEB82E800E7F565 /* PBXContainerItemProxy */;
		};
		C0E8DEE31BEB82E800E7F565 /* PBXTargetDependency */ = {
			isa = PBXTargetDependency;
			target = C0E8DEBC1BEB82E800E7F565 /* TouchColor */;
			targetProxy = C0E8DEE21BEB82E800E7F565 /* PBXContainerItemProxy */;
		};
/* End PBXTargetDependency section */

/* Begin PBXVariantGroup section */
		C0E8DECE1BEB82E800E7F565 /* LaunchScreen.storyboard */ = {
			isa = PBXVariantGroup;
			children = (
				C0E8DECF1BEB82E800E7F565 /* Base */,
			);
			name = LaunchScreen.storyboard;
			sourceTree = "<group>";
		};
/* End PBXVariantGroup section */

/* Begin XCBuildConfiguration section */
		C0E8DEE81BEB82E800E7F565 /* Debug */ = {
			isa = XCBuildConfiguration;
			buildSettings = {
				ALWAYS_SEARCH_USER_PATHS = NO;
				CLANG_CXX_LANGUAGE_STANDARD = "gnu++0x";
				CLANG_CXX_LIBRARY = "libc++";
				CLANG_ENABLE_MODULES = YES;
				CLANG_ENABLE_OBJC_ARC = YES;
				CLANG_WARN_BLOCK_CAPTURE_AUTORELEASING = YES;
				CLANG_WARN_BOOL_CONVERSION = YES;
				CLANG_WARN_COMMA = YES;
				CLANG_WARN_CONSTANT_CONVERSION = YES;
				CLANG_WARN_DEPRECATED_OBJC_IMPLEMENTATIONS = YES;
				CLANG_WARN_DIRECT_OBJC_ISA_USAGE = YES_ERROR;
				CLANG_WARN_EMPTY_BODY = YES;
				CLANG_WARN_ENUM_CONVERSION = YES;
				CLANG_WARN_INFINITE_RECURSION = YES;
				CLANG_WARN_INT_CONVERSION = YES;
				CLANG_WARN_NON_LITERAL_NULL_CONVERSION = YES;
				CLANG_WARN_OBJC_IMPLICIT_RETAIN_SELF = YES;
				CLANG_WARN_OBJC_LITERAL_CONVERSION = YES;
				CLANG_WARN_OBJC_ROOT_CLASS = YES_ERROR;
				CLANG_WARN_RANGE_LOOP_ANALYSIS = YES;
				CLANG_WARN_STRICT_PROTOTYPES = YES;
				CLANG_WARN_SUSPICIOUS_MOVE = YES;
				CLANG_WARN_UNREACHABLE_CODE = YES;
				CLANG_WARN__DUPLICATE_METHOD_MATCH = YES;
				"CODE_SIGN_IDENTITY[sdk=iphoneos*]" = "iPhone Developer";
				COPY_PHASE_STRIP = NO;
				DEBUG_INFORMATION_FORMAT = dwarf;
				ENABLE_STRICT_OBJC_MSGSEND = YES;
				ENABLE_TESTABILITY = YES;
				GCC_C_LANGUAGE_STANDARD = gnu99;
				GCC_DYNAMIC_NO_PIC = NO;
				GCC_NO_COMMON_BLOCKS = YES;
				GCC_OPTIMIZATION_LEVEL = 0;
				GCC_PREPROCESSOR_DEFINITIONS = (
					"DEBUG=1",
					"$(inherited)",
				);
				GCC_WARN_64_TO_32_BIT_CONVERSION = YES;
				GCC_WARN_ABOUT_RETURN_TYPE = YES_ERROR;
				GCC_WARN_UNDECLARED_SELECTOR = YES;
				GCC_WARN_UNINITIALIZED_AUTOS = YES_AGGRESSIVE;
				GCC_WARN_UNUSED_FUNCTION = YES;
				GCC_WARN_UNUSED_VARIABLE = YES;
				IPHONEOS_DEPLOYMENT_TARGET = 12.1;
				MTL_ENABLE_DEBUG_INFO = YES;
				ONLY_ACTIVE_ARCH = YES;
				SDKROOT = iphoneos;
			};
			name = Debug;
		};
		C0E8DEE91BEB82E800E7F565 /* Release */ = {
			isa = XCBuildConfiguration;
			buildSettings = {
				ALWAYS_SEARCH_USER_PATHS = NO;
				CLANG_CXX_LANGUAGE_STANDARD = "gnu++0x";
				CLANG_CXX_LIBRARY = "libc++";
				CLANG_ENABLE_MODULES = YES;
				CLANG_ENABLE_OBJC_ARC = YES;
				CLANG_WARN_BLOCK_CAPTURE_AUTORELEASING = YES;
				CLANG_WARN_BOOL_CONVERSION = YES;
				CLANG_WARN_COMMA = YES;
				CLANG_WARN_CONSTANT_CONVERSION = YES;
				CLANG_WARN_DEPRECATED_OBJC_IMPLEMENTATIONS = YES;
				CLANG_WARN_DIRECT_OBJC_ISA_USAGE = YES_ERROR;
				CLANG_WARN_EMPTY_BODY = YES;
				CLANG_WARN_ENUM_CONVERSION = YES;
				CLANG_WARN_INFINITE_RECURSION = YES;
				CLANG_WARN_INT_CONVERSION = YES;
				CLANG_WARN_NON_LITERAL_NULL_CONVERSION = YES;
				CLANG_WARN_OBJC_IMPLICIT_RETAIN_SELF = YES;
				CLANG_WARN_OBJC_LITERAL_CONVERSION = YES;
				CLANG_WARN_OBJC_ROOT_CLASS = YES_ERROR;
				CLANG_WARN_RANGE_LOOP_ANALYSIS = YES;
				CLANG_WARN_STRICT_PROTOTYPES = YES;
				CLANG_WARN_SUSPICIOUS_MOVE = YES;
				CLANG_WARN_UNREACHABLE_CODE = YES;
				CLANG_WARN__DUPLICATE_METHOD_MATCH = YES;
				"CODE_SIGN_IDENTITY[sdk=iphoneos*]" = "iPhone Developer";
				COPY_PHASE_STRIP = NO;
				DEBUG_INFORMATION_FORMAT = "dwarf-with-dsym";
				ENABLE_NS_ASSERTIONS = NO;
				ENABLE_STRICT_OBJC_MSGSEND = YES;
				GCC_C_LANGUAGE_STANDARD = gnu99;
				GCC_NO_COMMON_BLOCKS = YES;
				GCC_WARN_64_TO_32_BIT_CONVERSION = YES;
				GCC_WARN_ABOUT_RETURN_TYPE = YES_ERROR;
				GCC_WARN_UNDECLARED_SELECTOR = YES;
				GCC_WARN_UNINITIALIZED_AUTOS = YES_AGGRESSIVE;
				GCC_WARN_UNUSED_FUNCTION = YES;
				GCC_WARN_UNUSED_VARIABLE = YES;
				IPHONEOS_DEPLOYMENT_TARGET = 12.1;
				MTL_ENABLE_DEBUG_INFO = NO;
				SDKROOT = iphoneos;
				VALIDATE_PRODUCT = YES;
			};
			name = Release;
		};
		C0E8DEEB1BEB82E800E7F565 /* Debug */ = {
			isa = XCBuildConfiguration;
			buildSettings = {
				ASSETCATALOG_COMPILER_APPICON_NAME = AppIcon;
				CODE_SIGN_IDENTITY = "iPhone Developer";
				"CODE_SIGN_IDENTITY[sdk=iphoneos*]" = "iPhone Developer";
				CURRENT_PROJECT_VERSION = 4;
				DEVELOPMENT_TEAM = 485GCS25P9;
				INFOPLIST_FILE = TouchColor/Info.plist;
				IPHONEOS_DEPLOYMENT_TARGET = 12.1;
				LD_RUNPATH_SEARCH_PATHS = "$(inherited) @executable_path/Frameworks";
				MARKETING_VERSION = 1.02;
				PRODUCT_BUNDLE_IDENTIFIER = alilxxey.TouchColor;
				PRODUCT_NAME = "$(TARGET_NAME)";
				PROVISIONING_PROFILE = "";
				TARGETED_DEVICE_FAMILY = 1;
			};
			name = Debug;
		};
		C0E8DEEC1BEB82E800E7F565 /* Release */ = {
			isa = XCBuildConfiguration;
			buildSettings = {
				ASSETCATALOG_COMPILER_APPICON_NAME = AppIcon;
				CODE_SIGN_IDENTITY = "iPhone Developer";
				"CODE_SIGN_IDENTITY[sdk=iphoneos*]" = "iPhone Developer";
				CURRENT_PROJECT_VERSION = 4;
				DEVELOPMENT_TEAM = 485GCS25P9;
				INFOPLIST_FILE = TouchColor/Info.plist;
				IPHONEOS_DEPLOYMENT_TARGET = 12.1;
				LD_RUNPATH_SEARCH_PATHS = "$(inherited) @executable_path/Frameworks";
				MARKETING_VERSION = 1.02;
				PRODUCT_BUNDLE_IDENTIFIER = alilxxey.TouchColor;
				PRODUCT_NAME = "$(TARGET_NAME)";
				PROVISIONING_PROFILE = "";
				TARGETED_DEVICE_FAMILY = 1;
			};
			name = Release;
		};
		C0E8DEEE1BEB82E800E7F565 /* Debug */ = {
			isa = XCBuildConfiguration;
			buildSettings = {
				BUNDLE_LOADER = "$(TEST_HOST)";
				INFOPLIST_FILE = TouchColorTests/Info.plist;
				LD_RUNPATH_SEARCH_PATHS = "$(inherited) @executable_path/Frameworks @loader_path/Frameworks";
				PRODUCT_BUNDLE_IDENTIFIER = iCoder.TouchColorTests;
				PRODUCT_NAME = "$(TARGET_NAME)";
				TEST_HOST = "$(BUILT_PRODUCTS_DIR)/TouchColor.app/TouchColor";
			};
			name = Debug;
		};
		C0E8DEEF1BEB82E800E7F565 /* Release */ = {
			isa = XCBuildConfiguration;
			buildSettings = {
				BUNDLE_LOADER = "$(TEST_HOST)";
				INFOPLIST_FILE = TouchColorTests/Info.plist;
				LD_RUNPATH_SEARCH_PATHS = "$(inherited) @executable_path/Frameworks @loader_path/Frameworks";
				PRODUCT_BUNDLE_IDENTIFIER = iCoder.TouchColorTests;
				PRODUCT_NAME = "$(TARGET_NAME)";
				TEST_HOST = "$(BUILT_PRODUCTS_DIR)/TouchColor.app/TouchColor";
			};
			name = Release;
		};
		C0E8DEF11BEB82E800E7F565 /* Debug */ = {
			isa = XCBuildConfiguration;
			buildSettings = {
				INFOPLIST_FILE = TouchColorUITests/Info.plist;
				LD_RUNPATH_SEARCH_PATHS = "$(inherited) @executable_path/Frameworks @loader_path/Frameworks";
				PRODUCT_BUNDLE_IDENTIFIER = iCoder.TouchColorUITests;
				PRODUCT_NAME = "$(TARGET_NAME)";
				TEST_TARGET_NAME = TouchColor;
				USES_XCTRUNNER = YES;
			};
			name = Debug;
		};
		C0E8DEF21BEB82E800E7F565 /* Release */ = {
			isa = XCBuildConfiguration;
			buildSettings = {
				INFOPLIST_FILE = TouchColorUITests/Info.plist;
				LD_RUNPATH_SEARCH_PATHS = "$(inherited) @executable_path/Frameworks @loader_path/Frameworks";
				PRODUCT_BUNDLE_IDENTIFIER = iCoder.TouchColorUITests;
				PRODUCT_NAME = "$(TARGET_NAME)";
				TEST_TARGET_NAME = TouchColor;
				USES_XCTRUNNER = YES;
			};
			name = Release;
		};
/* End XCBuildConfiguration section */

/* Begin XCConfigurationList section */
		C0E8DEB81BEB82E800E7F565 /* Build configuration list for PBXProject "TouchColor" */ = {
			isa = XCConfigurationList;
			buildConfigurations = (
				C0E8DEE81BEB82E800E7F565 /* Debug */,
				C0E8DEE91BEB82E800E7F565 /* Release */,
			);
			defaultConfigurationIsVisible = 0;
			defaultConfigurationName = Release;
		};
		C0E8DEEA1BEB82E800E7F565 /* Build configuration list for PBXNativeTarget "TouchColor" */ = {
			isa = XCConfigurationList;
			buildConfigurations = (
				C0E8DEEB1BEB82E800E7F565 /* Debug */,
				C0E8DEEC1BEB82E800E7F565 /* Release */,
			);
			defaultConfigurationIsVisible = 0;
			defaultConfigurationName = Release;
		};
		C0E8DEED1BEB82E800E7F565 /* Build configuration list for PBXNativeTarget "TouchColorTests" */ = {
			isa = XCConfigurationList;
			buildConfigurations = (
				C0E8DEEE1BEB82E800E7F565 /* Debug */,
				C0E8DEEF1BEB82E800E7F565 /* Release */,
			);
			defaultConfigurationIsVisible = 0;
			defaultConfigurationName = Release;
		};
		C0E8DEF01BEB82E800E7F565 /* Build configuration list for PBXNativeTarget "TouchColorUITests" */ = {
			isa = XCConfigurationList;
			buildConfigurations = (
				C0E8DEF11BEB82E800E7F565 /* Debug */,
				C0E8DEF21BEB82E800E7F565 /* Release */,
			);
			defaultConfigurationIsVisible = 0;
			defaultConfigurationName = Release;
		};
/* End XCConfigurationList section */
	};
	rootObject = C0E8DEB51BEB82E800E7F565 /* Project object */;
}
